
Microsoft Visual Studio Solution File, Format Version 12.00
# Visual Studio Version 16
VisualStudioVersion = 16.0.29728.190
MinimumVisualStudioVersion = 10.0.40219.1
Project("{FAE04EC0-301F-11D3-BF4B-00C04F79EFBC}") = "LuizApp", "LuizApp\LuizApp.csproj", "{6F86AA8E-5AA1-4670-B2DE-FD391EE6F49B}"
EndProject
Global
	GlobalSection(SolutionConfigurationPlatforms) = preSolution
		Debug|Any CPU = Debug|Any CPU
		Release|Any CPU = Release|Any CPU
	EndGlobalSection
	GlobalSection(ProjectConfigurationPlatforms) = postSolution
		{6F86AA8E-5AA1-4670-B2DE-FD391EE6F49B}.Debug|Any CPU.ActiveCfg = Debug|Any CPU
		{6F86AA8E-5AA1-4670-B2DE-FD391EE6F49B}.Debug|Any CPU.Build.0 = Debug|Any CPU
		{6F86AA8E-5AA1-4670-B2DE-FD391EE6F49B}.Release|Any CPU.ActiveCfg = Release|Any CPU
		{6F86AA8E-5AA1-4670-B2DE-FD391EE6F49B}.Release|Any CPU.Build.0 = Release|Any CPU
	EndGlobalSection
	GlobalSection(SolutionProperties) = preSolution
		HideSolutionNode = FALSE
	EndGlobalSection
	GlobalSection(ExtensibilityGlobals) = postSolution
		SolutionGuid = {F03B3A89-3BB7-4642-829E-94338BD1224C}
	EndGlobalSection
EndGlobal
